
Microsoft Visual Studio Solution File, Format Version 12.00
# Visual Studio Version 16
VisualStudioVersion = 16.0.31729.503
MinimumVisualStudioVersion = 10.0.40219.1
Project("{9A19103F-16F7-4668-BE54-9A1E7A4F7556}") = "BTM.UI", "BTM.UI\BTM.UI.csproj", "{1E89CD1A-4946-4735-A8BE-399EFA6C9372}"
EndProject
Project("{9A19103F-16F7-4668-BE54-9A1E7A4F7556}") = "BTM.Model", "BTM.Model\BTM.Model.csproj", "{B6ED8171-50E7-459E-9959-6D2FE389D817}"
EndProject
Project("{9A19103F-16F7-4668-BE54-9A1E7A4F7556}") = "BTM.Data.Dapper", "BTM.Data.Dapper\BTM.Data.Dapper.csproj", "{ED89C599-B43C-457A-B2AA-D54F73B5DCD2}"
EndProject
Global
	GlobalSection(SolutionConfigurationPlatforms) = preSolution
		Debug|Any CPU = Debug|Any CPU
		Release|Any CPU = Release|Any CPU
	EndGlobalSection
	GlobalSection(ProjectConfigurationPlatforms) = postSolution
		{1E89CD1A-4946-4735-A8BE-399EFA6C9372}.Debug|Any CPU.ActiveCfg = Debug|Any CPU
		{1E89CD1A-4946-4735-A8BE-399EFA6C9372}.Debug|Any CPU.Build.0 = Debug|Any CPU
		{1E89CD1A-4946-4735-A8BE-399EFA6C9372}.Release|Any CPU.ActiveCfg = Release|Any CPU
		{1E89CD1A-4946-4735-A8BE-399EFA6C9372}.Release|Any CPU.Build.0 = Release|Any CPU
		{B6ED8171-50E7-459E-9959-6D2FE389D817}.Debug|Any CPU.ActiveCfg = Debug|Any CPU
		{B6ED8171-50E7-459E-9959-6D2FE389D817}.Debug|Any CPU.Build.0 = Debug|Any CPU
		{B6ED8171-50E7-459E-9959-6D2FE389D817}.Release|Any CPU.ActiveCfg = Release|Any CPU
		{B6ED8171-50E7-459E-9959-6D2FE389D817}.Release|Any CPU.Build.0 = Release|Any CPU
		{ED89C599-B43C-457A-B2AA-D54F73B5DCD2}.Debug|Any CPU.ActiveCfg = Debug|Any CPU
		{ED89C599-B43C-457A-B2AA-D54F73B5DCD2}.Debug|Any CPU.Build.0 = Debug|Any CPU
		{ED89C599-B43C-457A-B2AA-D54F73B5DCD2}.Release|Any CPU.ActiveCfg = Release|Any CPU
		{ED89C599-B43C-457A-B2AA-D54F73B5DCD2}.Release|Any CPU.Build.0 = Release|Any CPU
	EndGlobalSection
	GlobalSection(SolutionProperties) = preSolution
		HideSolutionNode = FALSE
	EndGlobalSection
	GlobalSection(ExtensibilityGlobals) = postSolution
		SolutionGuid = {AC3056A3-226F-4716-84DB-3CFE608DDCE2}
	EndGlobalSection
EndGlobal
